// !$*UTF8*$!
{
	archiveVersion = 1;
	classes = {
	};
	objectVersion = 46;
	objects = {

/* Begin PBXBuildFile section */
		DA38029E1868868D00C14CA5 /* README.md in Resources */ = {isa = PBXBuildFile; fileRef = DA38029D1868868D00C14CA5 /* README.md */; };
		DA3802A018690A6700C14CA5 /* PGCardsPokerHandTests.m in Sources */ = {isa = PBXBuildFile; fileRef = DA38029F18690A6700C14CA5 /* PGCardsPokerHandTests.m */; };
		DA6B3F3A1865F75500D41613 /* Foundation.framework in Frameworks */ = {isa = PBXBuildFile; fileRef = DA6B3F391865F75500D41613 /* Foundation.framework */; };
		DA6B3F3C1865F75500D41613 /* CoreGraphics.framework in Frameworks */ = {isa = PBXBuildFile; fileRef = DA6B3F3B1865F75500D41613 /* CoreGraphics.framework */; };
		DA6B3F3E1865F75500D41613 /* UIKit.framework in Frameworks */ = {isa = PBXBuildFile; fileRef = DA6B3F3D1865F75500D41613 /* UIKit.framework */; };
		DA6B3F441865F75500D41613 /* InfoPlist.strings in Resources */ = {isa = PBXBuildFile; fileRef = DA6B3F421865F75500D41613 /* InfoPlist.strings */; };
		DA6B3F461865F75500D41613 /* main.m in Sources */ = {isa = PBXBuildFile; fileRef = DA6B3F451865F75500D41613 /* main.m */; };
		DA6B3F4A1865F75500D41613 /* VideoPokerAppDelegate.m in Sources */ = {isa = PBXBuildFile; fileRef = DA6B3F491865F75500D41613 /* VideoPokerAppDelegate.m */; };
		DA6B3F4D1865F75500D41613 /* Main.storyboard in Resources */ = {isa = PBXBuildFile; fileRef = DA6B3F4B1865F75500D41613 /* Main.storyboard */; };
		DA6B3F501865F75500D41613 /* VideoPokerViewController.m in Sources */ = {isa = PBXBuildFile; fileRef = DA6B3F4F1865F75500D41613 /* VideoPokerViewController.m */; };
		DA6B3F521865F75500D41613 /* Images.xcassets in Resources */ = {isa = PBXBuildFile; fileRef = DA6B3F511865F75500D41613 /* Images.xcassets */; };
		DA6B3F591865F75500D41613 /* XCTest.framework in Frameworks */ = {isa = PBXBuildFile; fileRef = DA6B3F581865F75500D41613 /* XCTest.framework */; };
		DA6B3F5A1865F75500D41613 /* Foundation.framework in Frameworks */ = {isa = PBXBuildFile; fileRef = DA6B3F391865F75500D41613 /* Foundation.framework */; };
		DA6B3F5B1865F75500D41613 /* UIKit.framework in Frameworks */ = {isa = PBXBuildFile; fileRef = DA6B3F3D1865F75500D41613 /* UIKit.framework */; };
		DA6B3F631865F75500D41613 /* InfoPlist.strings in Resources */ = {isa = PBXBuildFile; fileRef = DA6B3F611865F75500D41613 /* InfoPlist.strings */; };
		DA6B3F651865F75500D41613 /* VideoPokerTests.m in Sources */ = {isa = PBXBuildFile; fileRef = DA6B3F641865F75500D41613 /* VideoPokerTests.m */; };
		DA8724491865F98A00229280 /* 1.gif in Resources */ = {isa = PBXBuildFile; fileRef = DA8724131865F98A00229280 /* 1.gif */; };
		DA87244A1865F98A00229280 /* 10.gif in Resources */ = {isa = PBXBuildFile; fileRef = DA8724141865F98A00229280 /* 10.gif */; };
		DA87244B1865F98A00229280 /* 11.gif in Resources */ = {isa = PBXBuildFile; fileRef = DA8724151865F98A00229280 /* 11.gif */; };
		DA87244C1865F98A00229280 /* 12.gif in Resources */ = {isa = PBXBuildFile; fileRef = DA8724161865F98A00229280 /* 12.gif */; };
		DA87244D1865F98A00229280 /* 13.gif in Resources */ = {isa = PBXBuildFile; fileRef = DA8724171865F98A00229280 /* 13.gif */; };
		DA87244E1865F98A00229280 /* 14.gif in Resources */ = {isa = PBXBuildFile; fileRef = DA8724181865F98A00229280 /* 14.gif */; };
		DA87244F1865F98A00229280 /* 15.gif in Resources */ = {isa = PBXBuildFile; fileRef = DA8724191865F98A00229280 /* 15.gif */; };
		DA8724501865F98A00229280 /* 16.gif in Resources */ = {isa = PBXBuildFile; fileRef = DA87241A1865F98A00229280 /* 16.gif */; };
		DA8724511865F98A00229280 /* 17.gif in Resources */ = {isa = PBXBuildFile; fileRef = DA87241B1865F98A00229280 /* 17.gif */; };
		DA8724521865F98A00229280 /* 18.gif in Resources */ = {isa = PBXBuildFile; fileRef = DA87241C1865F98A00229280 /* 18.gif */; };
		DA8724531865F98A00229280 /* 19.gif in Resources */ = {isa = PBXBuildFile; fileRef = DA87241D1865F98A00229280 /* 19.gif */; };
		DA8724541865F98A00229280 /* 2.gif in Resources */ = {isa = PBXBuildFile; fileRef = DA87241E1865F98A00229280 /* 2.gif */; };
		DA8724551865F98A00229280 /* 20.gif in Resources */ = {isa = PBXBuildFile; fileRef = DA87241F1865F98A00229280 /* 20.gif */; };
		DA8724561865F98A00229280 /* 21.gif in Resources */ = {isa = PBXBuildFile; fileRef = DA8724201865F98A00229280 /* 21.gif */; };
		DA8724571865F98A00229280 /* 22.gif in Resources */ = {isa = PBXBuildFile; fileRef = DA8724211865F98A00229280 /* 22.gif */; };
		DA8724581865F98A00229280 /* 23.gif in Resources */ = {isa = PBXBuildFile; fileRef = DA8724221865F98A00229280 /* 23.gif */; };
		DA8724591865F98A00229280 /* 24.gif in Resources */ = {isa = PBXBuildFile; fileRef = DA8724231865F98A00229280 /* 24.gif */; };
		DA87245A1865F98A00229280 /* 25.gif in Resources */ = {isa = PBXBuildFile; fileRef = DA8724241865F98A00229280 /* 25.gif */; };
		DA87245B1865F98A00229280 /* 26.gif in Resources */ = {isa = PBXBuildFile; fileRef = DA8724251865F98A00229280 /* 26.gif */; };
		DA87245C1865F98A00229280 /* 27.gif in Resources */ = {isa = PBXBuildFile; fileRef = DA8724261865F98A00229280 /* 27.gif */; };
		DA87245D1865F98A00229280 /* 28.gif in Resources */ = {isa = PBXBuildFile; fileRef = DA8724271865F98A00229280 /* 28.gif */; };
		DA87245E1865F98A00229280 /* 29.gif in Resources */ = {isa = PBXBuildFile; fileRef = DA8724281865F98A00229280 /* 29.gif */; };
		DA87245F1865F98A00229280 /* 3.gif in Resources */ = {isa = PBXBuildFile; fileRef = DA8724291865F98A00229280 /* 3.gif */; };
		DA8724601865F98A00229280 /* 30.gif in Resources */ = {isa = PBXBuildFile; fileRef = DA87242A1865F98A00229280 /* 30.gif */; };
		DA8724611865F98A00229280 /* 31.gif in Resources */ = {isa = PBXBuildFile; fileRef = DA87242B1865F98A00229280 /* 31.gif */; };
		DA8724621865F98A00229280 /* 32.gif in Resources */ = {isa = PBXBuildFile; fileRef = DA87242C1865F98A00229280 /* 32.gif */; };
		DA8724631865F98A00229280 /* 33.gif in Resources */ = {isa = PBXBuildFile; fileRef = DA87242D1865F98A00229280 /* 33.gif */; };
		DA8724641865F98A00229280 /* 34.gif in Resources */ = {isa = PBXBuildFile; fileRef = DA87242E1865F98A00229280 /* 34.gif */; };
		DA8724651865F98A00229280 /* 35.gif in Resources */ = {isa = PBXBuildFile; fileRef = DA87242F1865F98A00229280 /* 35.gif */; };
		DA8724661865F98A00229280 /* 36.gif in Resources */ = {isa = PBXBuildFile; fileRef = DA8724301865F98A00229280 /* 36.gif */; };
		DA8724671865F98A00229280 /* 37.gif in Resources */ = {isa = PBXBuildFile; fileRef = DA8724311865F98A00229280 /* 37.gif */; };
		DA8724681865F98A00229280 /* 38.gif in Resources */ = {isa = PBXBuildFile; fileRef = DA8724321865F98A00229280 /* 38.gif */; };
		DA8724691865F98A00229280 /* 39.gif in Resources */ = {isa = PBXBuildFile; fileRef = DA8724331865F98A00229280 /* 39.gif */; };
		DA87246A1865F98A00229280 /* 4.gif in Resources */ = {isa = PBXBuildFile; fileRef = DA8724341865F98A00229280 /* 4.gif */; };
		DA87246B1865F98A00229280 /* 40.gif in Resources */ = {isa = PBXBuildFile; fileRef = DA8724351865F98A00229280 /* 40.gif */; };
		DA87246C1865F98A00229280 /* 41.gif in Resources */ = {isa = PBXBuildFile; fileRef = DA8724361865F98A00229280 /* 41.gif */; };
		DA87246D1865F98A00229280 /* 42.gif in Resources */ = {isa = PBXBuildFile; fileRef = DA8724371865F98A00229280 /* 42.gif */; };
		DA87246E1865F98A00229280 /* 43.gif in Resources */ = {isa = PBXBuildFile; fileRef = DA8724381865F98A00229280 /* 43.gif */; };
		DA87246F1865F98A00229280 /* 44.gif in Resources */ = {isa = PBXBuildFile; fileRef = DA8724391865F98A00229280 /* 44.gif */; };
		DA8724701865F98A00229280 /* 45.gif in Resources */ = {isa = PBXBuildFile; fileRef = DA87243A1865F98A00229280 /* 45.gif */; };
		DA8724711865F98A00229280 /* 46.gif in Resources */ = {isa = PBXBuildFile; fileRef = DA87243B1865F98A00229280 /* 46.gif */; };
		DA8724721865F98A00229280 /* 47.gif in Resources */ = {isa = PBXBuildFile; fileRef = DA87243C1865F98A00229280 /* 47.gif */; };
		DA8724731865F98A00229280 /* 48.gif in Resources */ = {isa = PBXBuildFile; fileRef = DA87243D1865F98A00229280 /* 48.gif */; };
		DA8724741865F98A00229280 /* 49.gif in Resources */ = {isa = PBXBuildFile; fileRef = DA87243E1865F98A00229280 /* 49.gif */; };
		DA8724751865F98A00229280 /* 5.gif in Resources */ = {isa = PBXBuildFile; fileRef = DA87243F1865F98A00229280 /* 5.gif */; };
		DA8724761865F98A00229280 /* 50.gif in Resources */ = {isa = PBXBuildFile; fileRef = DA8724401865F98A00229280 /* 50.gif */; };
		DA8724771865F98A00229280 /* 51.gif in Resources */ = {isa = PBXBuildFile; fileRef = DA8724411865F98A00229280 /* 51.gif */; };
		DA8724781865F98A00229280 /* 52.gif in Resources */ = {isa = PBXBuildFile; fileRef = DA8724421865F98A00229280 /* 52.gif */; };
		DA8724791865F98A00229280 /* 6.gif in Resources */ = {isa = PBXBuildFile; fileRef = DA8724431865F98A00229280 /* 6.gif */; };
		DA87247A1865F98A00229280 /* 7.gif in Resources */ = {isa = PBXBuildFile; fileRef = DA8724441865F98A00229280 /* 7.gif */; };
		DA87247B1865F98A00229280 /* 8.gif in Resources */ = {isa = PBXBuildFile; fileRef = DA8724451865F98A00229280 /* 8.gif */; };
		DA87247C1865F98A00229280 /* 9.gif in Resources */ = {isa = PBXBuildFile; fileRef = DA8724461865F98A00229280 /* 9.gif */; };
		DA87247D1865F98A00229280 /* b.gif in Resources */ = {isa = PBXBuildFile; fileRef = DA8724471865F98A00229280 /* b.gif */; };
		DA87247E1865F98A00229280 /* j.gif in Resources */ = {isa = PBXBuildFile; fileRef = DA8724481865F98A00229280 /* j.gif */; };
		DA8724811865FB1900229280 /* PGCardsCard.m in Sources */ = {isa = PBXBuildFile; fileRef = DA8724801865FB1900229280 /* PGCardsCard.m */; };
		DA8724821865FB1900229280 /* PGCardsCard.m in Sources */ = {isa = PBXBuildFile; fileRef = DA8724801865FB1900229280 /* PGCardsCard.m */; };
		DA896B091866173300303E2F /* PGCardsCardComparisonTests.m in Sources */ = {isa = PBXBuildFile; fileRef = DA896B081866173300303E2F /* PGCardsCardComparisonTests.m */; };
		DA896B0C1866249400303E2F /* PGCardsHand.m in Sources */ = {isa = PBXBuildFile; fileRef = DA896B0B1866249400303E2F /* PGCardsHand.m */; };
		DA896B0D1866249400303E2F /* PGCardsHand.m in Sources */ = {isa = PBXBuildFile; fileRef = DA896B0B1866249400303E2F /* PGCardsHand.m */; };
		DA896B10186624DC00303E2F /* PGCardsDeck.m in Sources */ = {isa = PBXBuildFile; fileRef = DA896B0F186624DC00303E2F /* PGCardsDeck.m */; };
		DA896B11186624DC00303E2F /* PGCardsDeck.m in Sources */ = {isa = PBXBuildFile; fileRef = DA896B0F186624DC00303E2F /* PGCardsDeck.m */; };
		DA896B131866267A00303E2F /* PGCardsDeckTests.m in Sources */ = {isa = PBXBuildFile; fileRef = DA896B121866267A00303E2F /* PGCardsDeckTests.m */; };
		DAB3CBCB18668A3600A54004 /* PGCardsPokerTable.m in Sources */ = {isa = PBXBuildFile; fileRef = DAB3CBCA18668A3600A54004 /* PGCardsPokerTable.m */; };
		DAB3CBCC18668A3600A54004 /* PGCardsPokerTable.m in Sources */ = {isa = PBXBuildFile; fileRef = DAB3CBCA18668A3600A54004 /* PGCardsPokerTable.m */; };
		DAB3CBCF1866A69E00A54004 /* PGCardsPokerHandInfo.m in Sources */ = {isa = PBXBuildFile; fileRef = DAB3CBCE1866A69E00A54004 /* PGCardsPokerHandInfo.m */; };
		DAB3CBD01866A69E00A54004 /* PGCardsPokerHandInfo.m in Sources */ = {isa = PBXBuildFile; fileRef = DAB3CBCE1866A69E00A54004 /* PGCardsPokerHandInfo.m */; };
		DAE1C222186650E20060ACEF /* PGCardsHandTests.m in Sources */ = {isa = PBXBuildFile; fileRef = DAE1C221186650E20060ACEF /* PGCardsHandTests.m */; };
		DAF6455E18667374007E91D2 /* PGCardsPokerHand.m in Sources */ = {isa = PBXBuildFile; fileRef = DAF6455D18667374007E91D2 /* PGCardsPokerHand.m */; };
		DAF6455F18667374007E91D2 /* PGCardsPokerHand.m in Sources */ = {isa = PBXBuildFile; fileRef = DAF6455D18667374007E91D2 /* PGCardsPokerHand.m */; };
/* End PBXBuildFile section */

/* Begin PBXContainerItemProxy section */
		DA6B3F5C1865F75500D41613 /* PBXContainerItemProxy */ = {
			isa = PBXContainerItemProxy;
			containerPortal = DA6B3F2E1865F75500D41613 /* Project object */;
			proxyType = 1;
			remoteGlobalIDString = DA6B3F351865F75500D41613;
			remoteInfo = VideoPoker;
		};
/* End PBXContainerItemProxy section */

/* Begin PBXFileReference section */
		DA38029D1868868D00C14CA5 /* README.md */ = {isa = PBXFileReference; fileEncoding = 4; lastKnownFileType = text; path = README.md; sourceTree = "<group>"; };
		DA38029F18690A6700C14CA5 /* PGCardsPokerHandTests.m */ = {isa = PBXFileReference; fileEncoding = 4; lastKnownFileType = sourcecode.c.objc; path = PGCardsPokerHandTests.m; sourceTree = "<group>"; };
		DA6B3F361865F75500D41613 /* VideoPoker.app */ = {isa = PBXFileReference; explicitFileType = wrapper.application; includeInIndex = 0; path = VideoPoker.app; sourceTree = BUILT_PRODUCTS_DIR; };
		DA6B3F391865F75500D41613 /* Foundation.framework */ = {isa = PBXFileReference; lastKnownFileType = wrapper.framework; name = Foundation.framework; path = System/Library/Frameworks/Foundation.framework; sourceTree = SDKROOT; };
		DA6B3F3B1865F75500D41613 /* CoreGraphics.framework */ = {isa = PBXFileReference; lastKnownFileType = wrapper.framework; name = CoreGraphics.framework; path = System/Library/Frameworks/CoreGraphics.framework; sourceTree = SDKROOT; };
		DA6B3F3D1865F75500D41613 /* UIKit.framework */ = {isa = PBXFileReference; lastKnownFileType = wrapper.framework; name = UIKit.framework; path = System/Library/Frameworks/UIKit.framework; sourceTree = SDKROOT; };
		DA6B3F411865F75500D41613 /* VideoPoker-Info.plist */ = {isa = PBXFileReference; lastKnownFileType = text.plist.xml; path = "VideoPoker-Info.plist"; sourceTree = "<group>"; };
		DA6B3F431865F75500D41613 /* en */ = {isa = PBXFileReference; lastKnownFileType = text.plist.strings; name = en; path = en.lproj/InfoPlist.strings; sourceTree = "<group>"; };
		DA6B3F451865F75500D41613 /* main.m */ = {isa = PBXFileReference; lastKnownFileType = sourcecode.c.objc; path = main.m; sourceTree = "<group>"; };
		DA6B3F471865F75500D41613 /* VideoPoker-Prefix.pch */ = {isa = PBXFileReference; lastKnownFileType = sourcecode.c.h; path = "VideoPoker-Prefix.pch"; sourceTree = "<group>"; };
		DA6B3F481865F75500D41613 /* VideoPokerAppDelegate.h */ = {isa = PBXFileReference; lastKnownFileType = sourcecode.c.h; path = VideoPokerAppDelegate.h; sourceTree = "<group>"; };
		DA6B3F491865F75500D41613 /* VideoPokerAppDelegate.m */ = {isa = PBXFileReference; lastKnownFileType = sourcecode.c.objc; path = VideoPokerAppDelegate.m; sourceTree = "<group>"; };
		DA6B3F4C1865F75500D41613 /* Base */ = {isa = PBXFileReference; lastKnownFileType = file.storyboard; name = Base; path = Base.lproj/Main.storyboard; sourceTree = "<group>"; };
		DA6B3F4E1865F75500D41613 /* VideoPokerViewController.h */ = {isa = PBXFileReference; lastKnownFileType = sourcecode.c.h; path = VideoPokerViewController.h; sourceTree = "<group>"; };
		DA6B3F4F1865F75500D41613 /* VideoPokerViewController.m */ = {isa = PBXFileReference; lastKnownFileType = sourcecode.c.objc; path = VideoPokerViewController.m; sourceTree = "<group>"; };
		DA6B3F511865F75500D41613 /* Images.xcassets */ = {isa = PBXFileReference; lastKnownFileType = folder.assetcatalog; path = Images.xcassets; sourceTree = "<group>"; };
		DA6B3F571865F75500D41613 /* VideoPokerTests.xctest */ = {isa = PBXFileReference; explicitFileType = wrapper.cfbundle; includeInIndex = 0; path = VideoPokerTests.xctest; sourceTree = BUILT_PRODUCTS_DIR; };
		DA6B3F581865F75500D41613 /* XCTest.framework */ = {isa = PBXFileReference; lastKnownFileType = wrapper.framework; name = XCTest.framework; path = Library/Frameworks/XCTest.framework; sourceTree = DEVELOPER_DIR; };
		DA6B3F601865F75500D41613 /* VideoPokerTests-Info.plist */ = {isa = PBXFileReference; lastKnownFileType = text.plist.xml; path = "VideoPokerTests-Info.plist"; sourceTree = "<group>"; };
		DA6B3F621865F75500D41613 /* en */ = {isa = PBXFileReference; lastKnownFileType = text.plist.strings; name = en; path = en.lproj/InfoPlist.strings; sourceTree = "<group>"; };
		DA6B3F641865F75500D41613 /* VideoPokerTests.m */ = {isa = PBXFileReference; lastKnownFileType = sourcecode.c.objc; path = VideoPokerTests.m; sourceTree = "<group>"; };
		DA8724131865F98A00229280 /* 1.gif */ = {isa = PBXFileReference; lastKnownFileType = image.gif; path = 1.gif; sourceTree = "<group>"; };
		DA8724141865F98A00229280 /* 10.gif */ = {isa = PBXFileReference; lastKnownFileType = image.gif; path = 10.gif; sourceTree = "<group>"; };
		DA8724151865F98A00229280 /* 11.gif */ = {isa = PBXFileReference; lastKnownFileType = image.gif; path = 11.gif; sourceTree = "<group>"; };
		DA8724161865F98A00229280 /* 12.gif */ = {isa = PBXFileReference; lastKnownFileType = image.gif; path = 12.gif; sourceTree = "<group>"; };
		DA8724171865F98A00229280 /* 13.gif */ = {isa = PBXFileReference; lastKnownFileType = image.gif; path = 13.gif; sourceTree = "<group>"; };
		DA8724181865F98A00229280 /* 14.gif */ = {isa = PBXFileReference; lastKnownFileType = image.gif; path = 14.gif; sourceTree = "<group>"; };
		DA8724191865F98A00229280 /* 15.gif */ = {isa = PBXFileReference; lastKnownFileType = image.gif; path = 15.gif; sourceTree = "<group>"; };
		DA87241A1865F98A00229280 /* 16.gif */ = {isa = PBXFileReference; lastKnownFileType = image.gif; path = 16.gif; sourceTree = "<group>"; };
		DA87241B1865F98A00229280 /* 17.gif */ = {isa = PBXFileReference; lastKnownFileType = image.gif; path = 17.gif; sourceTree = "<group>"; };
		DA87241C1865F98A00229280 /* 18.gif */ = {isa = PBXFileReference; lastKnownFileType = image.gif; path = 18.gif; sourceTree = "<group>"; };
		DA87241D1865F98A00229280 /* 19.gif */ = {isa = PBXFileReference; lastKnownFileType = image.gif; path = 19.gif; sourceTree = "<group>"; };
		DA87241E1865F98A00229280 /* 2.gif */ = {isa = PBXFileReference; lastKnownFileType = image.gif; path = 2.gif; sourceTree = "<group>"; };
		DA87241F1865F98A00229280 /* 20.gif */ = {isa = PBXFileReference; lastKnownFileType = image.gif; path = 20.gif; sourceTree = "<group>"; };
		DA8724201865F98A00229280 /* 21.gif */ = {isa = PBXFileReference; lastKnownFileType = image.gif; path = 21.gif; sourceTree = "<group>"; };
		DA8724211865F98A00229280 /* 22.gif */ = {isa = PBXFileReference; lastKnownFileType = image.gif; path = 22.gif; sourceTree = "<group>"; };
		DA8724221865F98A00229280 /* 23.gif */ = {isa = PBXFileReference; lastKnownFileType = image.gif; path = 23.gif; sourceTree = "<group>"; };
		DA8724231865F98A00229280 /* 24.gif */ = {isa = PBXFileReference; lastKnownFileType = image.gif; path = 24.gif; sourceTree = "<group>"; };
		DA8724241865F98A00229280 /* 25.gif */ = {isa = PBXFileReference; lastKnownFileType = image.gif; path = 25.gif; sourceTree = "<group>"; };
		DA8724251865F98A00229280 /* 26.gif */ = {isa = PBXFileReference; lastKnownFileType = image.gif; path = 26.gif; sourceTree = "<group>"; };
		DA8724261865F98A00229280 /* 27.gif */ = {isa = PBXFileReference; lastKnownFileType = image.gif; path = 27.gif; sourceTree = "<group>"; };
		DA8724271865F98A00229280 /* 28.gif */ = {isa = PBXFileReference; lastKnownFileType = image.gif; path = 28.gif; sourceTree = "<group>"; };
		DA8724281865F98A00229280 /* 29.gif */ = {isa = PBXFileReference; lastKnownFileType = image.gif; path = 29.gif; sourceTree = "<group>"; };
		DA8724291865F98A00229280 /* 3.gif */ = {isa = PBXFileReference; lastKnownFileType = image.gif; path = 3.gif; sourceTree = "<group>"; };
		DA87242A1865F98A00229280 /* 30.gif */ = {isa = PBXFileReference; lastKnownFileType = image.gif; path = 30.gif; sourceTree = "<group>"; };
		DA87242B1865F98A00229280 /* 31.gif */ = {isa = PBXFileReference; lastKnownFileType = image.gif; path = 31.gif; sourceTree = "<group>"; };
		DA87242C1865F98A00229280 /* 32.gif */ = {isa = PBXFileReference; lastKnownFileType = image.gif; path = 32.gif; sourceTree = "<group>"; };
		DA87242D1865F98A00229280 /* 33.gif */ = {isa = PBXFileReference; lastKnownFileType = image.gif; path = 33.gif; sourceTree = "<group>"; };
		DA87242E1865F98A00229280 /* 34.gif */ = {isa = PBXFileReference; lastKnownFileType = image.gif; path = 34.gif; sourceTree = "<group>"; };
		DA87242F1865F98A00229280 /* 35.gif */ = {isa = PBXFileReference; lastKnownFileType = image.gif; path = 35.gif; sourceTree = "<group>"; };
		DA8724301865F98A00229280 /* 36.gif */ = {isa = PBXFileReference; lastKnownFileType = image.gif; path = 36.gif; sourceTree = "<group>"; };
		DA8724311865F98A00229280 /* 37.gif */ = {isa = PBXFileReference; lastKnownFileType = image.gif; path = 37.gif; sourceTree = "<group>"; };
		DA8724321865F98A00229280 /* 38.gif */ = {isa = PBXFileReference; lastKnownFileType = image.gif; path = 38.gif; sourceTree = "<group>"; };
		DA8724331865F98A00229280 /* 39.gif */ = {isa = PBXFileReference; lastKnownFileType = image.gif; path = 39.gif; sourceTree = "<group>"; };
		DA8724341865F98A00229280 /* 4.gif */ = {isa = PBXFileReference; lastKnownFileType = image.gif; path = 4.gif; sourceTree = "<group>"; };
		DA8724351865F98A00229280 /* 40.gif */ = {isa = PBXFileReference; lastKnownFileType = image.gif; path = 40.gif; sourceTree = "<group>"; };
		DA8724361865F98A00229280 /* 41.gif */ = {isa = PBXFileReference; lastKnownFileType = image.gif; path = 41.gif; sourceTree = "<group>"; };
		DA8724371865F98A00229280 /* 42.gif */ = {isa = PBXFileReference; lastKnownFileType = image.gif; path = 42.gif; sourceTree = "<group>"; };
		DA8724381865F98A00229280 /* 43.gif */ = {isa = PBXFileReference; lastKnownFileType = image.gif; path = 43.gif; sourceTree = "<group>"; };
		DA8724391865F98A00229280 /* 44.gif */ = {isa = PBXFileReference; lastKnownFileType = image.gif; path = 44.gif; sourceTree = "<group>"; };
		DA87243A1865F98A00229280 /* 45.gif */ = {isa = PBXFileReference; lastKnownFileType = image.gif; path = 45.gif; sourceTree = "<group>"; };
		DA87243B1865F98A00229280 /* 46.gif */ = {isa = PBXFileReference; lastKnownFileType = image.gif; path = 46.gif; sourceTree = "<group>"; };
		DA87243C1865F98A00229280 /* 47.gif */ = {isa = PBXFileReference; lastKnownFileType = image.gif; path = 47.gif; sourceTree = "<group>"; };
		DA87243D1865F98A00229280 /* 48.gif */ = {isa = PBXFileReference; lastKnownFileType = image.gif; path = 48.gif; sourceTree = "<group>"; };
		DA87243E1865F98A00229280 /* 49.gif */ = {isa = PBXFileReference; lastKnownFileType = image.gif; path = 49.gif; sourceTree = "<group>"; };
		DA87243F1865F98A00229280 /* 5.gif */ = {isa = PBXFileReference; lastKnownFileType = image.gif; path = 5.gif; sourceTree = "<group>"; };
		DA8724401865F98A00229280 /* 50.gif */ = {isa = PBXFileReference; lastKnownFileType = image.gif; path = 50.gif; sourceTree = "<group>"; };
		DA8724411865F98A00229280 /* 51.gif */ = {isa = PBXFileReference; lastKnownFileType = image.gif; path = 51.gif; sourceTree = "<group>"; };
		DA8724421865F98A00229280 /* 52.gif */ = {isa = PBXFileReference; lastKnownFileType = image.gif; path = 52.gif; sourceTree = "<group>"; };
		DA8724431865F98A00229280 /* 6.gif */ = {isa = PBXFileReference; lastKnownFileType = image.gif; path = 6.gif; sourceTree = "<group>"; };
		DA8724441865F98A00229280 /* 7.gif */ = {isa = PBXFileReference; lastKnownFileType = image.gif; path = 7.gif; sourceTree = "<group>"; };
		DA8724451865F98A00229280 /* 8.gif */ = {isa = PBXFileReference; lastKnownFileType = image.gif; path = 8.gif; sourceTree = "<group>"; };
		DA8724461865F98A00229280 /* 9.gif */ = {isa = PBXFileReference; lastKnownFileType = image.gif; path = 9.gif; sourceTree = "<group>"; };
		DA8724471865F98A00229280 /* b.gif */ = {isa = PBXFileReference; lastKnownFileType = image.gif; path = b.gif; sourceTree = "<group>"; };
		DA8724481865F98A00229280 /* j.gif */ = {isa = PBXFileReference; lastKnownFileType = image.gif; path = j.gif; sourceTree = "<group>"; };
		DA87247F1865FB1900229280 /* PGCardsCard.h */ = {isa = PBXFileReference; fileEncoding = 4; lastKnownFileType = sourcecode.c.h; path = PGCardsCard.h; sourceTree = "<group>"; };
		DA8724801865FB1900229280 /* PGCardsCard.m */ = {isa = PBXFileReference; fileEncoding = 4; lastKnownFileType = sourcecode.c.objc; path = PGCardsCard.m; sourceTree = "<group>"; };
		DA896B081866173300303E2F /* PGCardsCardComparisonTests.m */ = {isa = PBXFileReference; fileEncoding = 4; lastKnownFileType = sourcecode.c.objc; path = PGCardsCardComparisonTests.m; sourceTree = "<group>"; };
		DA896B0A1866249400303E2F /* PGCardsHand.h */ = {isa = PBXFileReference; fileEncoding = 4; lastKnownFileType = sourcecode.c.h; path = PGCardsHand.h; sourceTree = "<group>"; };
		DA896B0B1866249400303E2F /* PGCardsHand.m */ = {isa = PBXFileReference; fileEncoding = 4; lastKnownFileType = sourcecode.c.objc; path = PGCardsHand.m; sourceTree = "<group>"; };
		DA896B0E186624DC00303E2F /* PGCardsDeck.h */ = {isa = PBXFileReference; fileEncoding = 4; lastKnownFileType = sourcecode.c.h; path = PGCardsDeck.h; sourceTree = "<group>"; };
		DA896B0F186624DC00303E2F /* PGCardsDeck.m */ = {isa = PBXFileReference; fileEncoding = 4; lastKnownFileType = sourcecode.c.objc; path = PGCardsDeck.m; sourceTree = "<group>"; };
		DA896B121866267A00303E2F /* PGCardsDeckTests.m */ = {isa = PBXFileReference; fileEncoding = 4; lastKnownFileType = sourcecode.c.objc; path = PGCardsDeckTests.m; sourceTree = "<group>"; };
		DAB3CBC918668A3600A54004 /* PGCardsPokerTable.h */ = {isa = PBXFileReference; fileEncoding = 4; lastKnownFileType = sourcecode.c.h; path = PGCardsPokerTable.h; sourceTree = "<group>"; };
		DAB3CBCA18668A3600A54004 /* PGCardsPokerTable.m */ = {isa = PBXFileReference; fileEncoding = 4; lastKnownFileType = sourcecode.c.objc; path = PGCardsPokerTable.m; sourceTree = "<group>"; };
		DAB3CBCD1866A69E00A54004 /* PGCardsPokerHandInfo.h */ = {isa = PBXFileReference; fileEncoding = 4; lastKnownFileType = sourcecode.c.h; path = PGCardsPokerHandInfo.h; sourceTree = "<group>"; };
		DAB3CBCE1866A69E00A54004 /* PGCardsPokerHandInfo.m */ = {isa = PBXFileReference; fileEncoding = 4; lastKnownFileType = sourcecode.c.objc; path = PGCardsPokerHandInfo.m; sourceTree = "<group>"; };
		DAE1C221186650E20060ACEF /* PGCardsHandTests.m */ = {isa = PBXFileReference; fileEncoding = 4; lastKnownFileType = sourcecode.c.objc; path = PGCardsHandTests.m; sourceTree = "<group>"; };
		DAF6455C18667374007E91D2 /* PGCardsPokerHand.h */ = {isa = PBXFileReference; fileEncoding = 4; lastKnownFileType = sourcecode.c.h; path = PGCardsPokerHand.h; sourceTree = "<group>"; };
		DAF6455D18667374007E91D2 /* PGCardsPokerHand.m */ = {isa = PBXFileReference; fileEncoding = 4; lastKnownFileType = sourcecode.c.objc; path = PGCardsPokerHand.m; sourceTree = "<group>"; };
/* End PBXFileReference section */

/* Begin PBXFrameworksBuildPhase section */
		DA6B3F331865F75500D41613 /* Frameworks */ = {
			isa = PBXFrameworksBuildPhase;
			buildActionMask = 2147483647;
			files = (
				DA6B3F3C1865F75500D41613 /* CoreGraphics.framework in Frameworks */,
				DA6B3F3E1865F75500D41613 /* UIKit.framework in Frameworks */,
				DA6B3F3A1865F75500D41613 /* Foundation.framework in Frameworks */,
			);
			runOnlyForDeploymentPostprocessing = 0;
		};
		DA6B3F541865F75500D41613 /* Frameworks */ = {
			isa = PBXFrameworksBuildPhase;
			buildActionMask = 2147483647;
			files = (
				DA6B3F591865F75500D41613 /* XCTest.framework in Frameworks */,
				DA6B3F5B1865F75500D41613 /* UIKit.framework in Frameworks */,
				DA6B3F5A1865F75500D41613 /* Foundation.framework in Frameworks */,
			);
			runOnlyForDeploymentPostprocessing = 0;
		};
/* End PBXFrameworksBuildPhase section */

/* Begin PBXGroup section */
		DA496BCE18691D59004BACF9 /* PGCards */ = {
			isa = PBXGroup;
			children = (
				DA87247F1865FB1900229280 /* PGCardsCard.h */,
				DA8724801865FB1900229280 /* PGCardsCard.m */,
				DA896B0E186624DC00303E2F /* PGCardsDeck.h */,
				DA896B0F186624DC00303E2F /* PGCardsDeck.m */,
				DA896B0A1866249400303E2F /* PGCardsHand.h */,
				DA896B0B1866249400303E2F /* PGCardsHand.m */,
				DAF6455C18667374007E91D2 /* PGCardsPokerHand.h */,
				DAF6455D18667374007E91D2 /* PGCardsPokerHand.m */,
				DAB3CBCD1866A69E00A54004 /* PGCardsPokerHandInfo.h */,
				DAB3CBCE1866A69E00A54004 /* PGCardsPokerHandInfo.m */,
			);
			name = PGCards;
			sourceTree = "<group>";
		};
		DA6B3F2D1865F75500D41613 = {
			isa = PBXGroup;
			children = (
				DA38029D1868868D00C14CA5 /* README.md */,
				DA6B3F3F1865F75500D41613 /* VideoPoker */,
				DA6B3F5E1865F75500D41613 /* VideoPokerTests */,
				DA6B3F381865F75500D41613 /* Frameworks */,
				DA6B3F371865F75500D41613 /* Products */,
			);
			sourceTree = "<group>";
		};
		DA6B3F371865F75500D41613 /* Products */ = {
			isa = PBXGroup;
			children = (
				DA6B3F361865F75500D41613 /* VideoPoker.app */,
				DA6B3F571865F75500D41613 /* VideoPokerTests.xctest */,
			);
			name = Products;
			sourceTree = "<group>";
		};
		DA6B3F381865F75500D41613 /* Frameworks */ = {
			isa = PBXGroup;
			children = (
				DA6B3F391865F75500D41613 /* Foundation.framework */,
				DA6B3F3B1865F75500D41613 /* CoreGraphics.framework */,
				DA6B3F3D1865F75500D41613 /* UIKit.framework */,
				DA6B3F581865F75500D41613 /* XCTest.framework */,
			);
			name = Frameworks;
			sourceTree = "<group>";
		};
		DA6B3F3F1865F75500D41613 /* VideoPoker */ = {
			isa = PBXGroup;
			children = (
				DA6B3F481865F75500D41613 /* VideoPokerAppDelegate.h */,
				DA6B3F491865F75500D41613 /* VideoPokerAppDelegate.m */,
				DA6B3F4B1865F75500D41613 /* Main.storyboard */,
				DA496BCE18691D59004BACF9 /* PGCards */,
				DA6B3F4E1865F75500D41613 /* VideoPokerViewController.h */,
				DA6B3F4F1865F75500D41613 /* VideoPokerViewController.m */,
				DAB3CBC918668A3600A54004 /* PGCardsPokerTable.h */,
				DAB3CBCA18668A3600A54004 /* PGCardsPokerTable.m */,
				DA6B3F511865F75500D41613 /* Images.xcassets */,
				DA6B3F401865F75500D41613 /* Supporting Files */,
			);
			path = VideoPoker;
			sourceTree = "<group>";
		};
		DA6B3F401865F75500D41613 /* Supporting Files */ = {
			isa = PBXGroup;
			children = (
				DA8724121865F98A00229280 /* card_images */,
				DA6B3F411865F75500D41613 /* VideoPoker-Info.plist */,
				DA6B3F421865F75500D41613 /* InfoPlist.strings */,
				DA6B3F451865F75500D41613 /* main.m */,
				DA6B3F471865F75500D41613 /* VideoPoker-Prefix.pch */,
			);
			name = "Supporting Files";
			sourceTree = "<group>";
		};
		DA6B3F5E1865F75500D41613 /* VideoPokerTests */ = {
			isa = PBXGroup;
			children = (
				DA38029F18690A6700C14CA5 /* PGCardsPokerHandTests.m */,
				DAE1C221186650E20060ACEF /* PGCardsHandTests.m */,
				DA896B121866267A00303E2F /* PGCardsDeckTests.m */,
				DA896B081866173300303E2F /* PGCardsCardComparisonTests.m */,
				DA6B3F641865F75500D41613 /* VideoPokerTests.m */,
				DA6B3F5F1865F75500D41613 /* Supporting Files */,
			);
			path = VideoPokerTests;
			sourceTree = "<group>";
		};
		DA6B3F5F1865F75500D41613 /* Supporting Files */ = {
			isa = PBXGroup;
			children = (
				DA6B3F601865F75500D41613 /* VideoPokerTests-Info.plist */,
				DA6B3F611865F75500D41613 /* InfoPlist.strings */,
			);
			name = "Supporting Files";
			sourceTree = "<group>";
		};
		DA8724121865F98A00229280 /* card_images */ = {
			isa = PBXGroup;
			children = (
				DA8724131865F98A00229280 /* 1.gif */,
				DA8724141865F98A00229280 /* 10.gif */,
				DA8724151865F98A00229280 /* 11.gif */,
				DA8724161865F98A00229280 /* 12.gif */,
				DA8724171865F98A00229280 /* 13.gif */,
				DA8724181865F98A00229280 /* 14.gif */,
				DA8724191865F98A00229280 /* 15.gif */,
				DA87241A1865F98A00229280 /* 16.gif */,
				DA87241B1865F98A00229280 /* 17.gif */,
				DA87241C1865F98A00229280 /* 18.gif */,
				DA87241D1865F98A00229280 /* 19.gif */,
				DA87241E1865F98A00229280 /* 2.gif */,
				DA87241F1865F98A00229280 /* 20.gif */,
				DA8724201865F98A00229280 /* 21.gif */,
				DA8724211865F98A00229280 /* 22.gif */,
				DA8724221865F98A00229280 /* 23.gif */,
				DA8724231865F98A00229280 /* 24.gif */,
				DA8724241865F98A00229280 /* 25.gif */,
				DA8724251865F98A00229280 /* 26.gif */,
				DA8724261865F98A00229280 /* 27.gif */,
				DA8724271865F98A00229280 /* 28.gif */,
				DA8724281865F98A00229280 /* 29.gif */,
				DA8724291865F98A00229280 /* 3.gif */,
				DA87242A1865F98A00229280 /* 30.gif */,
				DA87242B1865F98A00229280 /* 31.gif */,
				DA87242C1865F98A00229280 /* 32.gif */,
				DA87242D1865F98A00229280 /* 33.gif */,
				DA87242E1865F98A00229280 /* 34.gif */,
				DA87242F1865F98A00229280 /* 35.gif */,
				DA8724301865F98A00229280 /* 36.gif */,
				DA8724311865F98A00229280 /* 37.gif */,
				DA8724321865F98A00229280 /* 38.gif */,
				DA8724331865F98A00229280 /* 39.gif */,
				DA8724341865F98A00229280 /* 4.gif */,
				DA8724351865F98A00229280 /* 40.gif */,
				DA8724361865F98A00229280 /* 41.gif */,
				DA8724371865F98A00229280 /* 42.gif */,
				DA8724381865F98A00229280 /* 43.gif */,
				DA8724391865F98A00229280 /* 44.gif */,
				DA87243A1865F98A00229280 /* 45.gif */,
				DA87243B1865F98A00229280 /* 46.gif */,
				DA87243C1865F98A00229280 /* 47.gif */,
				DA87243D1865F98A00229280 /* 48.gif */,
				DA87243E1865F98A00229280 /* 49.gif */,
				DA87243F1865F98A00229280 /* 5.gif */,
				DA8724401865F98A00229280 /* 50.gif */,
				DA8724411865F98A00229280 /* 51.gif */,
				DA8724421865F98A00229280 /* 52.gif */,
				DA8724431865F98A00229280 /* 6.gif */,
				DA8724441865F98A00229280 /* 7.gif */,
				DA8724451865F98A00229280 /* 8.gif */,
				DA8724461865F98A00229280 /* 9.gif */,
				DA8724471865F98A00229280 /* b.gif */,
				DA8724481865F98A00229280 /* j.gif */,
			);
			path = card_images;
			sourceTree = "<group>";
		};
/* End PBXGroup section */

/* Begin PBXNativeTarget section */
		DA6B3F351865F75500D41613 /* VideoPoker */ = {
			isa = PBXNativeTarget;
			buildConfigurationList = DA6B3F681865F75500D41613 /* Build configuration list for PBXNativeTarget "VideoPoker" */;
			buildPhases = (
				DA6B3F321865F75500D41613 /* Sources */,
				DA6B3F331865F75500D41613 /* Frameworks */,
				DA6B3F341865F75500D41613 /* Resources */,
			);
			buildRules = (
			);
			dependencies = (
			);
			name = VideoPoker;
			productName = VideoPoker;
			productReference = DA6B3F361865F75500D41613 /* VideoPoker.app */;
			productType = "com.apple.product-type.application";
		};
		DA6B3F561865F75500D41613 /* VideoPokerTests */ = {
			isa = PBXNativeTarget;
			buildConfigurationList = DA6B3F6B1865F75500D41613 /* Build configuration list for PBXNativeTarget "VideoPokerTests" */;
			buildPhases = (
				DA6B3F531865F75500D41613 /* Sources */,
				DA6B3F541865F75500D41613 /* Frameworks */,
				DA6B3F551865F75500D41613 /* Resources */,
			);
			buildRules = (
			);
			dependencies = (
				DA6B3F5D1865F75500D41613 /* PBXTargetDependency */,
			);
			name = VideoPokerTests;
			productName = VideoPokerTests;
			productReference = DA6B3F571865F75500D41613 /* VideoPokerTests.xctest */;
			productType = "com.apple.product-type.bundle.unit-test";
		};
/* End PBXNativeTarget section */

/* Begin PBXProject section */
		DA6B3F2E1865F75500D41613 /* Project object */ = {
			isa = PBXProject;
			attributes = {
				CLASSPREFIX = VideoPoker;
				LastUpgradeCheck = 0500;
				ORGANIZATIONNAME = "Paul Griffiths";
				TargetAttributes = {
					DA6B3F561865F75500D41613 = {
						TestTargetID = DA6B3F351865F75500D41613;
					};
				};
			};
			buildConfigurationList = DA6B3F311865F75500D41613 /* Build configuration list for PBXProject "VideoPoker" */;
			compatibilityVersion = "Xcode 3.2";
			developmentRegion = English;
			hasScannedForEncodings = 0;
			knownRegions = (
				en,
				Base,
			);
			mainGroup = DA6B3F2D1865F75500D41613;
			productRefGroup = DA6B3F371865F75500D41613 /* Products */;
			projectDirPath = "";
			projectRoot = "";
			targets = (
				DA6B3F351865F75500D41613 /* VideoPoker */,
				DA6B3F561865F75500D41613 /* VideoPokerTests */,
			);
		};
/* End PBXProject section */

/* Begin PBXResourcesBuildPhase section */
		DA6B3F341865F75500D41613 /* Resources */ = {
			isa = PBXResourcesBuildPhase;
			buildActionMask = 2147483647;
			files = (
				DA87246D1865F98A00229280 /* 42.gif in Resources */,
				DA87246C1865F98A00229280 /* 41.gif in Resources */,
				DA8724631865F98A00229280 /* 33.gif in Resources */,
				DA87247B1865F98A00229280 /* 8.gif in Resources */,
				DA8724591865F98A00229280 /* 24.gif in Resources */,
				DA8724711865F98A00229280 /* 46.gif in Resources */,
				DA8724701865F98A00229280 /* 45.gif in Resources */,
				DA8724571865F98A00229280 /* 22.gif in Resources */,
				DA8724521865F98A00229280 /* 18.gif in Resources */,
				DA8724561865F98A00229280 /* 21.gif in Resources */,
				DA8724681865F98A00229280 /* 38.gif in Resources */,
				DA87247D1865F98A00229280 /* b.gif in Resources */,
				DA8724691865F98A00229280 /* 39.gif in Resources */,
				DA87244F1865F98A00229280 /* 15.gif in Resources */,
				DA87244B1865F98A00229280 /* 11.gif in Resources */,
				DA87245B1865F98A00229280 /* 26.gif in Resources */,
				DA8724671865F98A00229280 /* 37.gif in Resources */,
				DA87244A1865F98A00229280 /* 10.gif in Resources */,
				DA8724581865F98A00229280 /* 23.gif in Resources */,
				DA87246E1865F98A00229280 /* 43.gif in Resources */,
				DA8724531865F98A00229280 /* 19.gif in Resources */,
				DA87245E1865F98A00229280 /* 29.gif in Resources */,
				DA6B3F521865F75500D41613 /* Images.xcassets in Resources */,
				DA87247C1865F98A00229280 /* 9.gif in Resources */,
				DA8724541865F98A00229280 /* 2.gif in Resources */,
				DA87245D1865F98A00229280 /* 28.gif in Resources */,
				DA8724641865F98A00229280 /* 34.gif in Resources */,
				DA87244E1865F98A00229280 /* 14.gif in Resources */,
				DA8724601865F98A00229280 /* 30.gif in Resources */,
				DA8724731865F98A00229280 /* 48.gif in Resources */,
				DA8724761865F98A00229280 /* 50.gif in Resources */,
				DA8724651865F98A00229280 /* 35.gif in Resources */,
				DA6B3F441865F75500D41613 /* InfoPlist.strings in Resources */,
				DA8724771865F98A00229280 /* 51.gif in Resources */,
				DA8724791865F98A00229280 /* 6.gif in Resources */,
				DA8724511865F98A00229280 /* 17.gif in Resources */,
				DA87247A1865F98A00229280 /* 7.gif in Resources */,
				DA8724751865F98A00229280 /* 5.gif in Resources */,
				DA87246B1865F98A00229280 /* 40.gif in Resources */,
				DA8724721865F98A00229280 /* 47.gif in Resources */,
				DA87244C1865F98A00229280 /* 12.gif in Resources */,
				DA8724621865F98A00229280 /* 32.gif in Resources */,
				DA38029E1868868D00C14CA5 /* README.md in Resources */,
				DA87246F1865F98A00229280 /* 44.gif in Resources */,
				DA87246A1865F98A00229280 /* 4.gif in Resources */,
				DA8724781865F98A00229280 /* 52.gif in Resources */,
				DA87245A1865F98A00229280 /* 25.gif in Resources */,
				DA8724501865F98A00229280 /* 16.gif in Resources */,
				DA87245F1865F98A00229280 /* 3.gif in Resources */,
				DA8724551865F98A00229280 /* 20.gif in Resources */,
				DA8724661865F98A00229280 /* 36.gif in Resources */,
				DA87245C1865F98A00229280 /* 27.gif in Resources */,
				DA87247E1865F98A00229280 /* j.gif in Resources */,
				DA8724491865F98A00229280 /* 1.gif in Resources */,
				DA8724741865F98A00229280 /* 49.gif in Resources */,
				DA87244D1865F98A00229280 /* 13.gif in Resources */,
				DA8724611865F98A00229280 /* 31.gif in Resources */,
				DA6B3F4D1865F75500D41613 /* Main.storyboard in Resources */,
			);
			runOnlyForDeploymentPostprocessing = 0;
		};
		DA6B3F551865F75500D41613 /* Resources */ = {
			isa = PBXResourcesBuildPhase;
			buildActionMask = 2147483647;
			files = (
				DA6B3F631865F75500D41613 /* InfoPlist.strings in Resources */,
			);
			runOnlyForDeploymentPostprocessing = 0;
		};
/* End PBXResourcesBuildPhase section */

/* Begin PBXSourcesBuildPhase section */
		DA6B3F321865F75500D41613 /* Sources */ = {
			isa = PBXSourcesBuildPhase;
			buildActionMask = 2147483647;
			files = (
				DA6B3F4A1865F75500D41613 /* VideoPokerAppDelegate.m in Sources */,
				DA6B3F461865F75500D41613 /* main.m in Sources */,
				DA896B0C1866249400303E2F /* PGCardsHand.m in Sources */,
				DAB3CBCB18668A3600A54004 /* PGCardsPokerTable.m in Sources */,
				DAB3CBCF1866A69E00A54004 /* PGCardsPokerHandInfo.m in Sources */,
				DA896B10186624DC00303E2F /* PGCardsDeck.m in Sources */,
				DA8724811865FB1900229280 /* PGCardsCard.m in Sources */,
				DA6B3F501865F75500D41613 /* VideoPokerViewController.m in Sources */,
				DAF6455E18667374007E91D2 /* PGCardsPokerHand.m in Sources */,
			);
			runOnlyForDeploymentPostprocessing = 0;
		};
		DA6B3F531865F75500D41613 /* Sources */ = {
			isa = PBXSourcesBuildPhase;
			buildActionMask = 2147483647;
			files = (
				DA8724821865FB1900229280 /* PGCardsCard.m in Sources */,
				DAB3CBD01866A69E00A54004 /* PGCardsPokerHandInfo.m in Sources */,
				DAB3CBCC18668A3600A54004 /* PGCardsPokerTable.m in Sources */,
				DA896B091866173300303E2F /* PGCardsCardComparisonTests.m in Sources */,
				DA3802A018690A6700C14CA5 /* PGCardsPokerHandTests.m in Sources */,
				DA6B3F651865F75500D41613 /* VideoPokerTests.m in Sources */,
				DAE1C222186650E20060ACEF /* PGCardsHandTests.m in Sources */,
				DA896B0D1866249400303E2F /* PGCardsHand.m in Sources */,
				DAF6455F18667374007E91D2 /* PGCardsPokerHand.m in Sources */,
				DA896B11186624DC00303E2F /* PGCardsDeck.m in Sources */,
				DA896B131866267A00303E2F /* PGCardsDeckTests.m in Sources */,
			);
			runOnlyForDeploymentPostprocessing = 0;
		};
/* End PBXSourcesBuildPhase section */

/* Begin PBXTargetDependency section */
		DA6B3F5D1865F75500D41613 /* PBXTargetDependency */ = {
			isa = PBXTargetDependency;
			target = DA6B3F351865F75500D41613 /* VideoPoker */;
			targetProxy = DA6B3F5C1865F75500D41613 /* PBXContainerItemProxy */;
		};
/* End PBXTargetDependency section */

/* Begin PBXVariantGroup section */
		DA6B3F421865F75500D41613 /* InfoPlist.strings */ = {
			isa = PBXVariantGroup;
			children = (
				DA6B3F431865F75500D41613 /* en */,
			);
			name = InfoPlist.strings;
			sourceTree = "<group>";
		};
		DA6B3F4B1865F75500D41613 /* Main.storyboard */ = {
			isa = PBXVariantGroup;
			children = (
				DA6B3F4C1865F75500D41613 /* Base */,
			);
			name = Main.storyboard;
			sourceTree = "<group>";
		};
		DA6B3F611865F75500D41613 /* InfoPlist.strings */ = {
			isa = PBXVariantGroup;
			children = (
				DA6B3F621865F75500D41613 /* en */,
			);
			name = InfoPlist.strings;
			sourceTree = "<group>";
		};
/* End PBXVariantGroup section */

/* Begin XCBuildConfiguration section */
		DA6B3F661865F75500D41613 /* Debug */ = {
			isa = XCBuildConfiguration;
			buildSettings = {
				ALWAYS_SEARCH_USER_PATHS = NO;
				ARCHS = "$(ARCHS_STANDARD_INCLUDING_64_BIT)";
				CLANG_CXX_LANGUAGE_STANDARD = "gnu++0x";
				CLANG_CXX_LIBRARY = "libc++";
				CLANG_ENABLE_MODULES = YES;
				CLANG_ENABLE_OBJC_ARC = YES;
				CLANG_WARN_BOOL_CONVERSION = YES;
				CLANG_WARN_CONSTANT_CONVERSION = YES;
				CLANG_WARN_DIRECT_OBJC_ISA_USAGE = YES_ERROR;
				CLANG_WARN_EMPTY_BODY = YES;
				CLANG_WARN_ENUM_CONVERSION = YES;
				CLANG_WARN_INT_CONVERSION = YES;
				CLANG_WARN_OBJC_ROOT_CLASS = YES_ERROR;
				CLANG_WARN__DUPLICATE_METHOD_MATCH = YES;
				"CODE_SIGN_IDENTITY[sdk=iphoneos*]" = "iPhone Developer";
				COPY_PHASE_STRIP = NO;
				GCC_C_LANGUAGE_STANDARD = gnu99;
				GCC_DYNAMIC_NO_PIC = NO;
				GCC_OPTIMIZATION_LEVEL = 0;
				GCC_PREPROCESSOR_DEFINITIONS = (
					"DEBUG=1",
					"$(inherited)",
				);
				GCC_SYMBOLS_PRIVATE_EXTERN = NO;
				GCC_WARN_64_TO_32_BIT_CONVERSION = YES;
				GCC_WARN_ABOUT_RETURN_TYPE = YES_ERROR;
				GCC_WARN_UNDECLARED_SELECTOR = YES;
				GCC_WARN_UNINITIALIZED_AUTOS = YES;
				GCC_WARN_UNUSED_FUNCTION = YES;
				GCC_WARN_UNUSED_VARIABLE = YES;
				IPHONEOS_DEPLOYMENT_TARGET = 7.0;
				ONLY_ACTIVE_ARCH = YES;
				SDKROOT = iphoneos;
				TARGETED_DEVICE_FAMILY = 2;
			};
			name = Debug;
		};
		DA6B3F671865F75500D41613 /* Release */ = {
			isa = XCBuildConfiguration;
			buildSettings = {
				ALWAYS_SEARCH_USER_PATHS = NO;
				ARCHS = "$(ARCHS_STANDARD_INCLUDING_64_BIT)";
				CLANG_CXX_LANGUAGE_STANDARD = "gnu++0x";
				CLANG_CXX_LIBRARY = "libc++";
				CLANG_ENABLE_MODULES = YES;
				CLANG_ENABLE_OBJC_ARC = YES;
				CLANG_WARN_BOOL_CONVERSION = YES;
				CLANG_WARN_CONSTANT_CONVERSION = YES;
				CLANG_WARN_DIRECT_OBJC_ISA_USAGE = YES_ERROR;
				CLANG_WARN_EMPTY_BODY = YES;
				CLANG_WARN_ENUM_CONVERSION = YES;
				CLANG_WARN_INT_CONVERSION = YES;
				CLANG_WARN_OBJC_ROOT_CLASS = YES_ERROR;
				CLANG_WARN__DUPLICATE_METHOD_MATCH = YES;
				"CODE_SIGN_IDENTITY[sdk=iphoneos*]" = "iPhone Developer";
				COPY_PHASE_STRIP = YES;
				ENABLE_NS_ASSERTIONS = NO;
				GCC_C_LANGUAGE_STANDARD = gnu99;
				GCC_WARN_64_TO_32_BIT_CONVERSION = YES;
				GCC_WARN_ABOUT_RETURN_TYPE = YES_ERROR;
				GCC_WARN_UNDECLARED_SELECTOR = YES;
				GCC_WARN_UNINITIALIZED_AUTOS = YES;
				GCC_WARN_UNUSED_FUNCTION = YES;
				GCC_WARN_UNUSED_VARIABLE = YES;
				IPHONEOS_DEPLOYMENT_TARGET = 7.0;
				SDKROOT = iphoneos;
				TARGETED_DEVICE_FAMILY = 2;
				VALIDATE_PRODUCT = YES;
			};
			name = Release;
		};
		DA6B3F691865F75500D41613 /* Debug */ = {
			isa = XCBuildConfiguration;
			buildSettings = {
				ASSETCATALOG_COMPILER_APPICON_NAME = AppIcon;
				ASSETCATALOG_COMPILER_LAUNCHIMAGE_NAME = LaunchImage;
				GCC_PRECOMPILE_PREFIX_HEADER = YES;
				GCC_PREFIX_HEADER = "VideoPoker/VideoPoker-Prefix.pch";
				INFOPLIST_FILE = "VideoPoker/VideoPoker-Info.plist";
				PRODUCT_NAME = "$(TARGET_NAME)";
				WRAPPER_EXTENSION = app;
			};
			name = Debug;
		};
		DA6B3F6A1865F75500D41613 /* Release */ = {
			isa = XCBuildConfiguration;
			buildSettings = {
				ASSETCATALOG_COMPILER_APPICON_NAME = AppIcon;
				ASSETCATALOG_COMPILER_LAUNCHIMAGE_NAME = LaunchImage;
				GCC_PRECOMPILE_PREFIX_HEADER = YES;
				GCC_PREFIX_HEADER = "VideoPoker/VideoPoker-Prefix.pch";
				INFOPLIST_FILE = "VideoPoker/VideoPoker-Info.plist";
				PRODUCT_NAME = "$(TARGET_NAME)";
				WRAPPER_EXTENSION = app;
			};
			name = Release;
		};
		DA6B3F6C1865F75500D41613 /* Debug */ = {
			isa = XCBuildConfiguration;
			buildSettings = {
				ARCHS = "$(ARCHS_STANDARD_INCLUDING_64_BIT)";
				BUNDLE_LOADER = "$(BUILT_PRODUCTS_DIR)/VideoPoker.app/VideoPoker";
				FRAMEWORK_SEARCH_PATHS = (
					"$(SDKROOT)/Developer/Library/Frameworks",
					"$(inherited)",
					"$(DEVELOPER_FRAMEWORKS_DIR)",
				);
				GCC_PRECOMPILE_PREFIX_HEADER = YES;
				GCC_PREFIX_HEADER = "VideoPoker/VideoPoker-Prefix.pch";
				GCC_PREPROCESSOR_DEFINITIONS = (
					"DEBUG=1",
					"$(inherited)",
				);
				INFOPLIST_FILE = "VideoPokerTests/VideoPokerTests-Info.plist";
				PRODUCT_NAME = "$(TARGET_NAME)";
				TEST_HOST = "$(BUNDLE_LOADER)";
				WRAPPER_EXTENSION = xctest;
			};
			name = Debug;
		};
		DA6B3F6D1865F75500D41613 /* Release */ = {
			isa = XCBuildConfiguration;
			buildSettings = {
				ARCHS = "$(ARCHS_STANDARD_INCLUDING_64_BIT)";
				BUNDLE_LOADER = "$(BUILT_PRODUCTS_DIR)/VideoPoker.app/VideoPoker";
				FRAMEWORK_SEARCH_PATHS = (
					"$(SDKROOT)/Developer/Library/Frameworks",
					"$(inherited)",
					"$(DEVELOPER_FRAMEWORKS_DIR)",
				);
				GCC_PRECOMPILE_PREFIX_HEADER = YES;
				GCC_PREFIX_HEADER = "VideoPoker/VideoPoker-Prefix.pch";
				INFOPLIST_FILE = "VideoPokerTests/VideoPokerTests-Info.plist";
				PRODUCT_NAME = "$(TARGET_NAME)";
				TEST_HOST = "$(BUNDLE_LOADER)";
				WRAPPER_EXTENSION = xctest;
			};
			name = Release;
		};
/* End XCBuildConfiguration section */

/* Begin XCConfigurationList section */
		DA6B3F311865F75500D41613 /* Build configuration list for PBXProject "VideoPoker" */ = {
			isa = XCConfigurationList;
			buildConfigurations = (
				DA6B3F661865F75500D41613 /* Debug */,
				DA6B3F671865F75500D41613 /* Release */,
			);
			defaultConfigurationIsVisible = 0;
			defaultConfigurationName = Release;
		};
		DA6B3F681865F75500D41613 /* Build configuration list for PBXNativeTarget "VideoPoker" */ = {
			isa = XCConfigurationList;
			buildConfigurations = (
				DA6B3F691865F75500D41613 /* Debug */,
				DA6B3F6A1865F75500D41613 /* Release */,
			);
			defaultConfigurationIsVisible = 0;
			defaultConfigurationName = Release;
		};
		DA6B3F6B1865F75500D41613 /* Build configuration list for PBXNativeTarget "VideoPokerTests" */ = {
			isa = XCConfigurationList;
			buildConfigurations = (
				DA6B3F6C1865F75500D41613 /* Debug */,
				DA6B3F6D1865F75500D41613 /* Release */,
			);
			defaultConfigurationIsVisible = 0;
			defaultConfigurationName = Release;
		};
/* End XCConfigurationList section */
	};
	rootObject = DA6B3F2E1865F75500D41613 /* Project object */;
}
